
Microsoft Visual Studio Solution File, Format Version 12.00
# Visual Studio 15
VisualStudioVersion = 15.0.27004.2010
MinimumVisualStudioVersion = 10.0.40219.1
Project("{FAE04EC0-301F-11D3-BF4B-00C04F79EFBC}") = "DropRAW", "DropRAW\DropRAW.csproj", "{FA2833A5-5A4A-4792-90B0-506D8D6A070E}"
EndProject
Global
	GlobalSection(SolutionConfigurationPlatforms) = preSolution
		Debug|Any CPU = Debug|Any CPU
		Release|Any CPU = Release|Any CPU
	EndGlobalSection
	GlobalSection(ProjectConfigurationPlatforms) = postSolution
		{FA2833A5-5A4A-4792-90B0-506D8D6A070E}.Debug|Any CPU.ActiveCfg = Debug|Any CPU
		{FA2833A5-5A4A-4792-90B0-506D8D6A070E}.Debug|Any CPU.Build.0 = Debug|Any CPU
		{FA2833A5-5A4A-4792-90B0-506D8D6A070E}.Release|Any CPU.ActiveCfg = Release|Any CPU
		{FA2833A5-5A4A-4792-90B0-506D8D6A070E}.Release|Any CPU.Build.0 = Release|Any CPU
	EndGlobalSection
	GlobalSection(SolutionProperties) = preSolution
		HideSolutionNode = FALSE
	EndGlobalSection
	GlobalSection(ExtensibilityGlobals) = postSolution
		SolutionGuid = {5B898279-1F06-4DD5-9B07-FA95073F51EA}
	EndGlobalSection
EndGlobal
